
Microsoft Visual Studio Solution File, Format Version 12.00
# Visual Studio Version 16
VisualStudioVersion = 16.0.31129.286
MinimumVisualStudioVersion = 10.0.40219.1
Project("{FAE04EC0-301F-11D3-BF4B-00C04F79EFBC}") = "Back", "Back\Back.csproj", "{4D329D24-3F20-41E1-B3F3-F13046977B32}"
EndProject
Project("{FAE04EC0-301F-11D3-BF4B-00C04F79EFBC}") = "DatosClient", "DatosClient\DatosClient.csproj", "{CA0971B4-F302-40C6-A7DF-12CA8AFF54CA}"
EndProject
Global
	GlobalSection(SolutionConfigurationPlatforms) = preSolution
		Debug|Any CPU = Debug|Any CPU
		Release|Any CPU = Release|Any CPU
	EndGlobalSection
	GlobalSection(ProjectConfigurationPlatforms) = postSolution
		{4D329D24-3F20-41E1-B3F3-F13046977B32}.Debug|Any CPU.ActiveCfg = Debug|Any CPU
		{4D329D24-3F20-41E1-B3F3-F13046977B32}.Debug|Any CPU.Build.0 = Debug|Any CPU
		{4D329D24-3F20-41E1-B3F3-F13046977B32}.Release|Any CPU.ActiveCfg = Release|Any CPU
		{4D329D24-3F20-41E1-B3F3-F13046977B32}.Release|Any CPU.Build.0 = Release|Any CPU
		{CA0971B4-F302-40C6-A7DF-12CA8AFF54CA}.Debug|Any CPU.ActiveCfg = Debug|Any CPU
		{CA0971B4-F302-40C6-A7DF-12CA8AFF54CA}.Debug|Any CPU.Build.0 = Debug|Any CPU
		{CA0971B4-F302-40C6-A7DF-12CA8AFF54CA}.Release|Any CPU.ActiveCfg = Release|Any CPU
		{CA0971B4-F302-40C6-A7DF-12CA8AFF54CA}.Release|Any CPU.Build.0 = Release|Any CPU
	EndGlobalSection
	GlobalSection(SolutionProperties) = preSolution
		HideSolutionNode = FALSE
	EndGlobalSection
	GlobalSection(ExtensibilityGlobals) = postSolution
		SolutionGuid = {6F15D929-8B31-4B47-AC86-24D0B510F30D}
	EndGlobalSection
EndGlobal
